
Microsoft Visual Studio Solution File, Format Version 12.00
# Visual Studio 2012
Project("{FAE04EC0-301F-11D3-BF4B-00C04F79EFBC}") = "TasteKid", "TasteKid\TasteKid.csproj", "{C76D24E0-2C01-4AA4-96EF-2D25C88846B5}"
EndProject
Project("{FAE04EC0-301F-11D3-BF4B-00C04F79EFBC}") = "TasteKid.Tests", "TasteKid.Tests\TasteKid.Tests.csproj", "{868BD219-15CD-414F-9F53-4B73FE80D96C}"
EndProject
Global
	GlobalSection(SolutionConfigurationPlatforms) = preSolution
		Debug|Any CPU = Debug|Any CPU
		Release|Any CPU = Release|Any CPU
	EndGlobalSection
	GlobalSection(ProjectConfigurationPlatforms) = postSolution
		{C76D24E0-2C01-4AA4-96EF-2D25C88846B5}.Debug|Any CPU.ActiveCfg = Debug|Any CPU
		{C76D24E0-2C01-4AA4-96EF-2D25C88846B5}.Debug|Any CPU.Build.0 = Debug|Any CPU
		{C76D24E0-2C01-4AA4-96EF-2D25C88846B5}.Release|Any CPU.ActiveCfg = Release|Any CPU
		{C76D24E0-2C01-4AA4-96EF-2D25C88846B5}.Release|Any CPU.Build.0 = Release|Any CPU
		{868BD219-15CD-414F-9F53-4B73FE80D96C}.Debug|Any CPU.ActiveCfg = Debug|Any CPU
		{868BD219-15CD-414F-9F53-4B73FE80D96C}.Debug|Any CPU.Build.0 = Debug|Any CPU
		{868BD219-15CD-414F-9F53-4B73FE80D96C}.Release|Any CPU.ActiveCfg = Release|Any CPU
		{868BD219-15CD-414F-9F53-4B73FE80D96C}.Release|Any CPU.Build.0 = Release|Any CPU
	EndGlobalSection
	GlobalSection(SolutionProperties) = preSolution
		HideSolutionNode = FALSE
	EndGlobalSection
EndGlobal
